
Microsoft Visual Studio Solution File, Format Version 12.00
# Visual Studio Version 16
VisualStudioVersion = 16.0.30503.244
MinimumVisualStudioVersion = 10.0.40219.1
Project("{8BC9CEB8-8B4A-11D0-8D11-00A0C91BC942}") = "HelloWorld", "HelloWorld.vcxproj", "{3C1B1AD2-8F99-44FF-B746-FD4B02169E9E}"
EndProject
Project("{8BC9CEB8-8B4A-11D0-8D11-00A0C91BC942}") = "No1", "No1\No1.vcxproj", "{C597AD76-339F-4CB4-B820-C996461F9DC2}"
EndProject
Project("{8BC9CEB8-8B4A-11D0-8D11-00A0C91BC942}") = "No999", "No999\No999.vcxproj", "{E28F2A00-A284-423A-812D-CAFB84796A78}"
EndProject
Project("{8BC9CEB8-8B4A-11D0-8D11-00A0C91BC942}") = "No13", "No13\No13.vcxproj", "{CF2EF3AB-4C8E-471F-AB4F-19D87592DF13}"
EndProject
Project("{8BC9CEB8-8B4A-11D0-8D11-00A0C91BC942}") = "No16", "No16\No16\No16.vcxproj", "{E32668E1-D8C8-4F21-A4F3-5B31D6CC037E}"
EndProject
Global
	GlobalSection(SolutionConfigurationPlatforms) = preSolution
		Debug|x64 = Debug|x64
		Debug|x86 = Debug|x86
		Release|x64 = Release|x64
		Release|x86 = Release|x86
	EndGlobalSection
	GlobalSection(ProjectConfigurationPlatforms) = postSolution
		{3C1B1AD2-8F99-44FF-B746-FD4B02169E9E}.Debug|x64.ActiveCfg = Debug|x64
		{3C1B1AD2-8F99-44FF-B746-FD4B02169E9E}.Debug|x64.Build.0 = Debug|x64
		{3C1B1AD2-8F99-44FF-B746-FD4B02169E9E}.Debug|x86.ActiveCfg = Debug|Win32
		{3C1B1AD2-8F99-44FF-B746-FD4B02169E9E}.Debug|x86.Build.0 = Debug|Win32
		{3C1B1AD2-8F99-44FF-B746-FD4B02169E9E}.Release|x64.ActiveCfg = Release|x64
		{3C1B1AD2-8F99-44FF-B746-FD4B02169E9E}.Release|x64.Build.0 = Release|x64
		{3C1B1AD2-8F99-44FF-B746-FD4B02169E9E}.Release|x86.ActiveCfg = Release|Win32
		{3C1B1AD2-8F99-44FF-B746-FD4B02169E9E}.Release|x86.Build.0 = Release|Win32
		{C597AD76-339F-4CB4-B820-C996461F9DC2}.Debug|x64.ActiveCfg = Debug|x64
		{C597AD76-339F-4CB4-B820-C996461F9DC2}.Debug|x64.Build.0 = Debug|x64
		{C597AD76-339F-4CB4-B820-C996461F9DC2}.Debug|x86.ActiveCfg = Debug|Win32
		{C597AD76-339F-4CB4-B820-C996461F9DC2}.Debug|x86.Build.0 = Debug|Win32
		{C597AD76-339F-4CB4-B820-C996461F9DC2}.Release|x64.ActiveCfg = Release|x64
		{C597AD76-339F-4CB4-B820-C996461F9DC2}.Release|x64.Build.0 = Release|x64
		{C597AD76-339F-4CB4-B820-C996461F9DC2}.Release|x86.ActiveCfg = Release|Win32
		{C597AD76-339F-4CB4-B820-C996461F9DC2}.Release|x86.Build.0 = Release|Win32
		{E28F2A00-A284-423A-812D-CAFB84796A78}.Debug|x64.ActiveCfg = Debug|x64
		{E28F2A00-A284-423A-812D-CAFB84796A78}.Debug|x64.Build.0 = Debug|x64
		{E28F2A00-A284-423A-812D-CAFB84796A78}.Debug|x86.ActiveCfg = Debug|Win32
		{E28F2A00-A284-423A-812D-CAFB84796A78}.Debug|x86.Build.0 = Debug|Win32
		{E28F2A00-A284-423A-812D-CAFB84796A78}.Release|x64.ActiveCfg = Release|x64
		{E28F2A00-A284-423A-812D-CAFB84796A78}.Release|x64.Build.0 = Release|x64
		{E28F2A00-A284-423A-812D-CAFB84796A78}.Release|x86.ActiveCfg = Release|Win32
		{E28F2A00-A284-423A-812D-CAFB84796A78}.Release|x86.Build.0 = Release|Win32
		{CF2EF3AB-4C8E-471F-AB4F-19D87592DF13}.Debug|x64.ActiveCfg = Debug|x64
		{CF2EF3AB-4C8E-471F-AB4F-19D87592DF13}.Debug|x64.Build.0 = Debug|x64
		{CF2EF3AB-4C8E-471F-AB4F-19D87592DF13}.Debug|x86.ActiveCfg = Debug|Win32
		{CF2EF3AB-4C8E-471F-AB4F-19D87592DF13}.Debug|x86.Build.0 = Debug|Win32
		{CF2EF3AB-4C8E-471F-AB4F-19D87592DF13}.Release|x64.ActiveCfg = Release|x64
		{CF2EF3AB-4C8E-471F-AB4F-19D87592DF13}.Release|x64.Build.0 = Release|x64
		{CF2EF3AB-4C8E-471F-AB4F-19D87592DF13}.Release|x86.ActiveCfg = Release|Win32
		{CF2EF3AB-4C8E-471F-AB4F-19D87592DF13}.Release|x86.Build.0 = Release|Win32
		{E32668E1-D8C8-4F21-A4F3-5B31D6CC037E}.Debug|x64.ActiveCfg = Debug|x64
		{E32668E1-D8C8-4F21-A4F3-5B31D6CC037E}.Debug|x64.Build.0 = Debug|x64
		{E32668E1-D8C8-4F21-A4F3-5B31D6CC037E}.Debug|x86.ActiveCfg = Debug|Win32
		{E32668E1-D8C8-4F21-A4F3-5B31D6CC037E}.Debug|x86.Build.0 = Debug|Win32
		{E32668E1-D8C8-4F21-A4F3-5B31D6CC037E}.Release|x64.ActiveCfg = Release|x64
		{E32668E1-D8C8-4F21-A4F3-5B31D6CC037E}.Release|x64.Build.0 = Release|x64
		{E32668E1-D8C8-4F21-A4F3-5B31D6CC037E}.Release|x86.ActiveCfg = Release|Win32
		{E32668E1-D8C8-4F21-A4F3-5B31D6CC037E}.Release|x86.Build.0 = Release|Win32
	EndGlobalSection
	GlobalSection(SolutionProperties) = preSolution
		HideSolutionNode = FALSE
	EndGlobalSection
	GlobalSection(ExtensibilityGlobals) = postSolution
		SolutionGuid = {6711CC12-A5ED-4A00-8927-F62EBB5CB16C}
	EndGlobalSection
EndGlobal
